
Microsoft Visual Studio Solution File, Format Version 12.00
# Visual Studio 14
VisualStudioVersion = 14.0.25420.1
MinimumVisualStudioVersion = 10.0.40219.1
Project("{FAE04EC0-301F-11D3-BF4B-00C04F79EFBC}") = "Mapper", "Mapper\Mapper.csproj", "{52E773F7-084C-4675-A235-AE541947CFB7}"
EndProject
Project("{FAE04EC0-301F-11D3-BF4B-00C04F79EFBC}") = "Common", "Common\Common.csproj", "{1B74FF51-7BE0-4A2A-9A0D-23279DE24E8A}"
EndProject
Project("{FAE04EC0-301F-11D3-BF4B-00C04F79EFBC}") = "Reducer", "Reducer\Reducer.csproj", "{77086DEF-DB60-4882-8B9C-D7258786A745}"
EndProject
Project("{FAE04EC0-301F-11D3-BF4B-00C04F79EFBC}") = "Client", "Client\Client.csproj", "{7B55EEE0-4931-4606-808D-88CF0AFF2E74}"
EndProject
Global
	GlobalSection(SolutionConfigurationPlatforms) = preSolution
		Debug|Any CPU = Debug|Any CPU
		Release|Any CPU = Release|Any CPU
	EndGlobalSection
	GlobalSection(ProjectConfigurationPlatforms) = postSolution
		{52E773F7-084C-4675-A235-AE541947CFB7}.Debug|Any CPU.ActiveCfg = Debug|Any CPU
		{52E773F7-084C-4675-A235-AE541947CFB7}.Debug|Any CPU.Build.0 = Debug|Any CPU
		{52E773F7-084C-4675-A235-AE541947CFB7}.Release|Any CPU.ActiveCfg = Release|Any CPU
		{52E773F7-084C-4675-A235-AE541947CFB7}.Release|Any CPU.Build.0 = Release|Any CPU
		{1B74FF51-7BE0-4A2A-9A0D-23279DE24E8A}.Debug|Any CPU.ActiveCfg = Debug|Any CPU
		{1B74FF51-7BE0-4A2A-9A0D-23279DE24E8A}.Debug|Any CPU.Build.0 = Debug|Any CPU
		{1B74FF51-7BE0-4A2A-9A0D-23279DE24E8A}.Release|Any CPU.ActiveCfg = Release|Any CPU
		{1B74FF51-7BE0-4A2A-9A0D-23279DE24E8A}.Release|Any CPU.Build.0 = Release|Any CPU
		{77086DEF-DB60-4882-8B9C-D7258786A745}.Debug|Any CPU.ActiveCfg = Debug|Any CPU
		{77086DEF-DB60-4882-8B9C-D7258786A745}.Debug|Any CPU.Build.0 = Debug|Any CPU
		{77086DEF-DB60-4882-8B9C-D7258786A745}.Release|Any CPU.ActiveCfg = Release|Any CPU
		{77086DEF-DB60-4882-8B9C-D7258786A745}.Release|Any CPU.Build.0 = Release|Any CPU
		{7B55EEE0-4931-4606-808D-88CF0AFF2E74}.Debug|Any CPU.ActiveCfg = Debug|Any CPU
		{7B55EEE0-4931-4606-808D-88CF0AFF2E74}.Debug|Any CPU.Build.0 = Debug|Any CPU
		{7B55EEE0-4931-4606-808D-88CF0AFF2E74}.Release|Any CPU.ActiveCfg = Release|Any CPU
		{7B55EEE0-4931-4606-808D-88CF0AFF2E74}.Release|Any CPU.Build.0 = Release|Any CPU
	EndGlobalSection
	GlobalSection(SolutionProperties) = preSolution
		HideSolutionNode = FALSE
	EndGlobalSection
EndGlobal
